
Microsoft Visual Studio Solution File, Format Version 12.00
# Visual Studio Version 17
VisualStudioVersion = 17.3.32804.467
MinimumVisualStudioVersion = 10.0.40219.1
Project("{FAE04EC0-301F-11D3-BF4B-00C04F79EFBC}") = "PARCIAL-1", "PARCIAL-1\PARCIAL-1.csproj", "{4C54EF54-C4B3-4F1F-808F-2E650CAD7723}"
EndProject
Global
	GlobalSection(SolutionConfigurationPlatforms) = preSolution
		Debug|Any CPU = Debug|Any CPU
		Release|Any CPU = Release|Any CPU
	EndGlobalSection
	GlobalSection(ProjectConfigurationPlatforms) = postSolution
		{4C54EF54-C4B3-4F1F-808F-2E650CAD7723}.Debug|Any CPU.ActiveCfg = Debug|Any CPU
		{4C54EF54-C4B3-4F1F-808F-2E650CAD7723}.Debug|Any CPU.Build.0 = Debug|Any CPU
		{4C54EF54-C4B3-4F1F-808F-2E650CAD7723}.Release|Any CPU.ActiveCfg = Release|Any CPU
		{4C54EF54-C4B3-4F1F-808F-2E650CAD7723}.Release|Any CPU.Build.0 = Release|Any CPU
	EndGlobalSection
	GlobalSection(SolutionProperties) = preSolution
		HideSolutionNode = FALSE
	EndGlobalSection
	GlobalSection(ExtensibilityGlobals) = postSolution
		SolutionGuid = {BBAB97B8-A9E4-4F1B-B00D-90EF35A1D738}
	EndGlobalSection
EndGlobal
